
Microsoft Visual Studio Solution File, Format Version 12.00
# Visual Studio 2013
VisualStudioVersion = 12.0.30110.0
MinimumVisualStudioVersion = 10.0.40219.1
Project("{FAE04EC0-301F-11D3-BF4B-00C04F79EFBC}") = "ConsoleAppMsmqStudy", "ConsoleAppMsmqStudy\ConsoleAppMsmqStudy.csproj", "{C4A33F91-D134-4774-905D-507C379900E4}"
EndProject
Project("{FAE04EC0-301F-11D3-BF4B-00C04F79EFBC}") = "ConsoleAppMsmqHandler", "ConsoleAppMsmqHandler\ConsoleAppMsmqHandler.csproj", "{1B98758A-1AAD-4715-A7EB-09BF4170E155}"
EndProject
Global
	GlobalSection(SolutionConfigurationPlatforms) = preSolution
		Debug|Any CPU = Debug|Any CPU
		Release|Any CPU = Release|Any CPU
	EndGlobalSection
	GlobalSection(ProjectConfigurationPlatforms) = postSolution
		{C4A33F91-D134-4774-905D-507C379900E4}.Debug|Any CPU.ActiveCfg = Debug|Any CPU
		{C4A33F91-D134-4774-905D-507C379900E4}.Debug|Any CPU.Build.0 = Debug|Any CPU
		{C4A33F91-D134-4774-905D-507C379900E4}.Release|Any CPU.ActiveCfg = Release|Any CPU
		{C4A33F91-D134-4774-905D-507C379900E4}.Release|Any CPU.Build.0 = Release|Any CPU
		{1B98758A-1AAD-4715-A7EB-09BF4170E155}.Debug|Any CPU.ActiveCfg = Debug|Any CPU
		{1B98758A-1AAD-4715-A7EB-09BF4170E155}.Debug|Any CPU.Build.0 = Debug|Any CPU
		{1B98758A-1AAD-4715-A7EB-09BF4170E155}.Release|Any CPU.ActiveCfg = Release|Any CPU
		{1B98758A-1AAD-4715-A7EB-09BF4170E155}.Release|Any CPU.Build.0 = Release|Any CPU
	EndGlobalSection
	GlobalSection(SolutionProperties) = preSolution
		HideSolutionNode = FALSE
	EndGlobalSection
EndGlobal
